
Microsoft Visual Studio Solution File, Format Version 12.00
# Visual Studio Version 17
VisualStudioVersion = 17.4.33122.133
MinimumVisualStudioVersion = 10.0.40219.1
Project("{FAE04EC0-301F-11D3-BF4B-00C04F79EFBC}") = "ApiVentas", "ApiVentas\ApiVentas.csproj", "{E69C01DE-60D8-4380-927E-843C6074706B}"
EndProject
Global
	GlobalSection(SolutionConfigurationPlatforms) = preSolution
		Debug|Any CPU = Debug|Any CPU
		Release|Any CPU = Release|Any CPU
	EndGlobalSection
	GlobalSection(ProjectConfigurationPlatforms) = postSolution
		{E69C01DE-60D8-4380-927E-843C6074706B}.Debug|Any CPU.ActiveCfg = Debug|Any CPU
		{E69C01DE-60D8-4380-927E-843C6074706B}.Debug|Any CPU.Build.0 = Debug|Any CPU
		{E69C01DE-60D8-4380-927E-843C6074706B}.Release|Any CPU.ActiveCfg = Release|Any CPU
		{E69C01DE-60D8-4380-927E-843C6074706B}.Release|Any CPU.Build.0 = Release|Any CPU
	EndGlobalSection
	GlobalSection(SolutionProperties) = preSolution
		HideSolutionNode = FALSE
	EndGlobalSection
	GlobalSection(ExtensibilityGlobals) = postSolution
		SolutionGuid = {7BF63277-E594-4741-9B96-65CDEE65E034}
	EndGlobalSection
EndGlobal
